#
# This file is autogenerated by pip-compile with Python 3.12
# by the following command:
#
#    pip-compile --output-file=requirements.lock --strip-extras requirements.txt
#
annotated-types==0.7.0
    # via pydantic
anyio==4.13.0
    # via
    #   httpx
    #   starlette
    #   watchfiles
certifi==2026.4.22
    # via
    #   httpcore
    #   httpx
    #   requests
cffi==2.0.0
    # via cryptography
charset-normalizer==3.4.7
    # via requests
click==8.4.0
    # via uvicorn
colorama==0.4.6
    # via
    #   click
    #   uvicorn
cryptography==43.0.3
    # via -r requirements.txt
deprecated==1.3.1
    # via limits
fastapi==0.115.6
    # via -r requirements.txt
h11==0.16.0
    # via
    #   httpcore
    #   uvicorn
httpcore==1.0.9
    # via httpx
httptools==0.7.1
    # via uvicorn
httpx==0.28.1
    # via -r requirements.txt
idna==3.15
    # via
    #   anyio
    #   httpx
    #   requests
joblib==1.5.3
    # via scikit-learn
limits==5.8.0
    # via slowapi
numpy==2.1.3
    # via
    #   -r requirements.txt
    #   pandas
    #   scikit-learn
    #   scipy
packaging==26.2
    # via limits
pandas==2.2.3
    # via -r requirements.txt
pycparser==3.0
    # via cffi
pydantic==2.13.4
    # via fastapi
pydantic-core==2.46.4
    # via pydantic
pyjwt==2.9.0
    # via -r requirements.txt
python-dateutil==2.9.0.post0
    # via pandas
python-dotenv==1.0.1
    # via
    #   -r requirements.txt
    #   uvicorn
pytz==2026.2
    # via pandas
pyyaml==6.0.3
    # via uvicorn
requests==2.32.3
    # via -r requirements.txt
scikit-learn==1.5.2
    # via -r requirements.txt
scipy==1.14.1
    # via
    #   -r requirements.txt
    #   scikit-learn
six==1.17.0
    # via python-dateutil
slowapi==0.1.9
    # via -r requirements.txt
starlette==0.41.3
    # via fastapi
threadpoolctl==3.6.0
    # via scikit-learn
typing-extensions==4.15.0
    # via
    #   anyio
    #   fastapi
    #   limits
    #   pydantic
    #   pydantic-core
    #   typing-inspection
typing-inspection==0.4.2
    # via pydantic
tzdata==2026.2
    # via pandas
urllib3==2.7.0
    # via requests
uvicorn==0.32.1
    # via -r requirements.txt
watchfiles==1.1.1
    # via uvicorn
websockets==16.0
    # via uvicorn
wrapt==2.1.2
    # via deprecated
